<?xml version="1.0" encoding="utf-8"?>
<Project ToolsVersion="4.0" xmlns="http://schemas.microsoft.com/developer/msbuild/2003">
  <ItemGroup>
    <Filter Include="Source Files">
      <UniqueIdentifier>{de61e782-b47a-4c13-82e9-de53f67c7292}</UniqueIdentifier>
      <Extensions>cpp;c;cxx;rc;def;r;odl;idl;hpj;bat</Extensions>
    </Filter>
    <Filter Include="Header Files">
      <UniqueIdentifier>{91a19366-aa53-4da2-bb04-76a69cb4f310}</UniqueIdentifier>
      <Extensions>h;hpp;hxx;hm;inl</Extensions>
    </Filter>
    <Filter Include="Resource Files">
      <UniqueIdentifier>{cde4e451-c526-4bfb-ba16-2f70d6317561}</UniqueIdentifier>
      <Extensions>ico;cur;bmp;dlg;rc2;rct;bin;cnt;rtf;gif;jpg;jpeg;jpe</Extensions>
    </Filter>
  </ItemGroup>
  <ItemGroup>
    <ClCompile Include="demodoc.cpp">
      <Filter>Source Files</Filter>
    </ClCompile>
    <ClCompile Include="demoview.cpp">
      <Filter>Source Files</Filter>
    </ClCompile>
    <ClCompile Include="MainFrm.cpp">
      <Filter>Source Files</Filter>
    </ClCompile>
    <ClCompile Include="MFC_DEMO.cpp">
      <Filter>Source Files</Filter>
    </ClCompile>
    <ClCompile Include="StdAfx.cpp">
      <Filter>Source Files</Filter>
    </ClCompile>
    <ClCompile Include="Utils.cpp">
      <Filter>Source Files</Filter>
    </ClCompile>
    <ClCompile Include="tserial.cpp">
      <Filter>Source Files</Filter>
    </ClCompile>
    <ClCompile Include="Reflection.cpp">
      <Filter>Source Files</Filter>
    </ClCompile>
  </ItemGroup>
  <ItemGroup>
    <ResourceCompile Include="MFC_DEMO.rc">
      <Filter>Source Files</Filter>
    </ResourceCompile>
  </ItemGroup>
  <ItemGroup>
    <ClInclude Include="MainFrm.h">
      <Filter>Header Files</Filter>
    </ClInclude>
    <ClInclude Include="MFC_DEMO.h">
      <Filter>Header Files</Filter>
    </ClInclude>
    <ClInclude Include="MFC_DEMODoc.h">
      <Filter>Header Files</Filter>
    </ClInclude>
    <ClInclude Include="MFC_DEMOView.h">
      <Filter>Header Files</Filter>
    </ClInclude>
    <ClInclude Include="Resource.h">
      <Filter>Header Files</Filter>
    </ClInclude>
    <ClInclude Include="StdAfx.h">
      <Filter>Header Files</Filter>
    </ClInclude>
    <ClInclude Include="Utils.h">
      <Filter>Header Files</Filter>
    </ClInclude>
    <ClInclude Include="tserial.h">
      <Filter>Source Files</Filter>
    </ClInclude>
    <ClInclude Include="Reflection.h">
      <Filter>Source Files</Filter>
    </ClInclude>
  </ItemGroup>
  <ItemGroup>
    <None Include="RES\DEMODOC.ICO">
      <Filter>Resource Files</Filter>
    </None>
    <None Include="res\MFC_DEMO.ico">
      <Filter>Resource Files</Filter>
    </None>
    <None Include="res\MFC_DEMO.rc2">
      <Filter>Resource Files</Filter>
    </None>
    <None Include="res\MFC_DEMODoc.ico">
      <Filter>Resource Files</Filter>
    </None>
  </ItemGroup>
</Project>